// !$*UTF8*$!
{
	archiveVersion = 1;
	classes = {
	};
	objectVersion = 48;
	objects = {

/* Begin PBXBuildFile section */
		235D9ACE20904EFE00A33ADB /* ViewController.swift in Sources */ = {isa = PBXBuildFile; fileRef = 235D9ACD20904EFE00A33ADB /* ViewController.swift */; };
		235D9AD020904F1700A33ADB /* ViewControllerTwo.swift in Sources */ = {isa = PBXBuildFile; fileRef = 235D9ACF20904F1700A33ADB /* ViewControllerTwo.swift */; };
		2389406B208F30B400D46B33 /* AppDelegate.swift in Sources */ = {isa = PBXBuildFile; fileRef = 2389406A208F30B400D46B33 /* AppDelegate.swift */; };
		23894070208F30B400D46B33 /* Main.storyboard in Resources */ = {isa = PBXBuildFile; fileRef = 2389406E208F30B400D46B33 /* Main.storyboard */; };
		23894072208F30B400D46B33 /* Assets.xcassets in Resources */ = {isa = PBXBuildFile; fileRef = 23894071208F30B400D46B33 /* Assets.xcassets */; };
		23894075208F30B400D46B33 /* LaunchScreen.storyboard in Resources */ = {isa = PBXBuildFile; fileRef = 23894073208F30B400D46B33 /* LaunchScreen.storyboard */; };
		2389407E208F315700D46B33 /* QuartzCore.framework in Frameworks */ = {isa = PBXBuildFile; fileRef = 2389407D208F314F00D46B33 /* QuartzCore.framework */; };
		23B00B8620905579008F1512 /* ViewControllerThree.swift in Sources */ = {isa = PBXBuildFile; fileRef = 23B00B8520905579008F1512 /* ViewControllerThree.swift */; };
		23B00B8820905BE4008F1512 /* DisplayViewController.swift in Sources */ = {isa = PBXBuildFile; fileRef = 23B00B8720905BE4008F1512 /* DisplayViewController.swift */; };
/* End PBXBuildFile section */

/* Begin PBXFileReference section */
		235D9ACD20904EFE00A33ADB /* ViewController.swift */ = {isa = PBXFileReference; fileEncoding = 4; lastKnownFileType = sourcecode.swift; path = ViewController.swift; sourceTree = "<group>"; };
		235D9ACF20904F1700A33ADB /* ViewControllerTwo.swift */ = {isa = PBXFileReference; lastKnownFileType = sourcecode.swift; path = ViewControllerTwo.swift; sourceTree = "<group>"; };
		23894067208F30B400D46B33 /* layer_learn.app */ = {isa = PBXFileReference; explicitFileType = wrapper.application; includeInIndex = 0; path = layer_learn.app; sourceTree = BUILT_PRODUCTS_DIR; };
		2389406A208F30B400D46B33 /* AppDelegate.swift */ = {isa = PBXFileReference; lastKnownFileType = sourcecode.swift; path = AppDelegate.swift; sourceTree = "<group>"; };
		2389406F208F30B400D46B33 /* Base */ = {isa = PBXFileReference; lastKnownFileType = file.storyboard; name = Base; path = Base.lproj/Main.storyboard; sourceTree = "<group>"; };
		23894071208F30B400D46B33 /* Assets.xcassets */ = {isa = PBXFileReference; lastKnownFileType = folder.assetcatalog; path = Assets.xcassets; sourceTree = "<group>"; };
		23894074208F30B400D46B33 /* Base */ = {isa = PBXFileReference; lastKnownFileType = file.storyboard; name = Base; path = Base.lproj/LaunchScreen.storyboard; sourceTree = "<group>"; };
		23894076208F30B400D46B33 /* Info.plist */ = {isa = PBXFileReference; lastKnownFileType = text.plist.xml; path = Info.plist; sourceTree = "<group>"; };
		2389407D208F314F00D46B33 /* QuartzCore.framework */ = {isa = PBXFileReference; lastKnownFileType = wrapper.framework; name = QuartzCore.framework; path = System/Library/Frameworks/QuartzCore.framework; sourceTree = SDKROOT; };
		23B00B8520905579008F1512 /* ViewControllerThree.swift */ = {isa = PBXFileReference; lastKnownFileType = sourcecode.swift; path = ViewControllerThree.swift; sourceTree = "<group>"; };
		23B00B8720905BE4008F1512 /* DisplayViewController.swift */ = {isa = PBXFileReference; lastKnownFileType = sourcecode.swift; path = DisplayViewController.swift; sourceTree = "<group>"; };
/* End PBXFileReference section */

/* Begin PBXFrameworksBuildPhase section */
		23894064208F30B400D46B33 /* Frameworks */ = {
			isa = PBXFrameworksBuildPhase;
			buildActionMask = 2147483647;
			files = (
				2389407E208F315700D46B33 /* QuartzCore.framework in Frameworks */,
			);
			runOnlyForDeploymentPostprocessing = 0;
		};
/* End PBXFrameworksBuildPhase section */

/* Begin PBXGroup section */
		235D9ACC20904EFE00A33ADB /* SceneOne */ = {
			isa = PBXGroup;
			children = (
				23B00B8920905C10008F1512 /* Views */,
				235D9ACD20904EFE00A33ADB /* ViewController.swift */,
				235D9ACF20904F1700A33ADB /* ViewControllerTwo.swift */,
				23B00B8520905579008F1512 /* ViewControllerThree.swift */,
				23B00B8720905BE4008F1512 /* DisplayViewController.swift */,
			);
			path = SceneOne;
			sourceTree = "<group>";
		};
		2389405E208F30B400D46B33 = {
			isa = PBXGroup;
			children = (
				23894069208F30B400D46B33 /* layer_learn */,
				23894068208F30B400D46B33 /* Products */,
				2389407C208F314F00D46B33 /* Frameworks */,
			);
			sourceTree = "<group>";
		};
		23894068208F30B400D46B33 /* Products */ = {
			isa = PBXGroup;
			children = (
				23894067208F30B400D46B33 /* layer_learn.app */,
			);
			name = Products;
			sourceTree = "<group>";
		};
		23894069208F30B400D46B33 /* layer_learn */ = {
			isa = PBXGroup;
			children = (
				235D9ACC20904EFE00A33ADB /* SceneOne */,
				2389406A208F30B400D46B33 /* AppDelegate.swift */,
				2389406E208F30B400D46B33 /* Main.storyboard */,
				23894071208F30B400D46B33 /* Assets.xcassets */,
				23894073208F30B400D46B33 /* LaunchScreen.storyboard */,
				23894076208F30B400D46B33 /* Info.plist */,
			);
			path = layer_learn;
			sourceTree = "<group>";
		};
		2389407C208F314F00D46B33 /* Frameworks */ = {
			isa = PBXGroup;
			children = (
				2389407D208F314F00D46B33 /* QuartzCore.framework */,
			);
			name = Frameworks;
			sourceTree = "<group>";
		};
		23B00B8920905C10008F1512 /* Views */ = {
			isa = PBXGroup;
			children = (
			);
			path = Views;
			sourceTree = "<group>";
		};
/* End PBXGroup section */

/* Begin PBXNativeTarget section */
		23894066208F30B400D46B33 /* layer_learn */ = {
			isa = PBXNativeTarget;
			buildConfigurationList = 23894079208F30B400D46B33 /* Build configuration list for PBXNativeTarget "layer_learn" */;
			buildPhases = (
				23894063208F30B400D46B33 /* Sources */,
				23894064208F30B400D46B33 /* Frameworks */,
				23894065208F30B400D46B33 /* Resources */,
			);
			buildRules = (
			);
			dependencies = (
			);
			name = layer_learn;
			productName = layer_learn;
			productReference = 23894067208F30B400D46B33 /* layer_learn.app */;
			productType = "com.apple.product-type.application";
		};
/* End PBXNativeTarget section */

/* Begin PBXProject section */
		2389405F208F30B400D46B33 /* Project object */ = {
			isa = PBXProject;
			attributes = {
				LastSwiftUpdateCheck = 0910;
				LastUpgradeCheck = 0910;
				ORGANIZATIONNAME = dengjiangzhou;
				TargetAttributes = {
					23894066208F30B400D46B33 = {
						CreatedOnToolsVersion = 9.1;
						ProvisioningStyle = Automatic;
					};
				};
			};
			buildConfigurationList = 23894062208F30B400D46B33 /* Build configuration list for PBXProject "layer_learn" */;
			compatibilityVersion = "Xcode 8.0";
			developmentRegion = en;
			hasScannedForEncodings = 0;
			knownRegions = (
				en,
				Base,
			);
			mainGroup = 2389405E208F30B400D46B33;
			productRefGroup = 23894068208F30B400D46B33 /* Products */;
			projectDirPath = "";
			projectRoot = "";
			targets = (
				23894066208F30B400D46B33 /* layer_learn */,
			);
		};
/* End PBXProject section */

/* Begin PBXResourcesBuildPhase section */
		23894065208F30B400D46B33 /* Resources */ = {
			isa = PBXResourcesBuildPhase;
			buildActionMask = 2147483647;
			files = (
				23894075208F30B400D46B33 /* LaunchScreen.storyboard in Resources */,
				23894072208F30B400D46B33 /* Assets.xcassets in Resources */,
				23894070208F30B400D46B33 /* Main.storyboard in Resources */,
			);
			runOnlyForDeploymentPostprocessing = 0;
		};
/* End PBXResourcesBuildPhase section */

/* Begin PBXSourcesBuildPhase section */
		23894063208F30B400D46B33 /* Sources */ = {
			isa = PBXSourcesBuildPhase;
			buildActionMask = 2147483647;
			files = (
				23B00B8820905BE4008F1512 /* DisplayViewController.swift in Sources */,
				235D9ACE20904EFE00A33ADB /* ViewController.swift in Sources */,
				2389406B208F30B400D46B33 /* AppDelegate.swift in Sources */,
				235D9AD020904F1700A33ADB /* ViewControllerTwo.swift in Sources */,
				23B00B8620905579008F1512 /* ViewControllerThree.swift in Sources */,
			);
			runOnlyForDeploymentPostprocessing = 0;
		};
/* End PBXSourcesBuildPhase section */

/* Begin PBXVariantGroup section */
		2389406E208F30B400D46B33 /* Main.storyboard */ = {
			isa = PBXVariantGroup;
			children = (
				2389406F208F30B400D46B33 /* Base */,
			);
			name = Main.storyboard;
			sourceTree = "<group>";
		};
		23894073208F30B400D46B33 /* LaunchScreen.storyboard */ = {
			isa = PBXVariantGroup;
			children = (
				23894074208F30B400D46B33 /* Base */,
			);
			name = LaunchScreen.storyboard;
			sourceTree = "<group>";
		};
/* End PBXVariantGroup section */

/* Begin XCBuildConfiguration section */
		23894077208F30B400D46B33 /* Debug */ = {
			isa = XCBuildConfiguration;
			buildSettings = {
				ALWAYS_SEARCH_USER_PATHS = NO;
				CLANG_ANALYZER_NONNULL = YES;
				CLANG_ANALYZER_NUMBER_OBJECT_CONVERSION = YES_AGGRESSIVE;
				CLANG_CXX_LANGUAGE_STANDARD = "gnu++14";
				CLANG_CXX_LIBRARY = "libc++";
				CLANG_ENABLE_MODULES = YES;
				CLANG_ENABLE_OBJC_ARC = YES;
				CLANG_WARN_BLOCK_CAPTURE_AUTORELEASING = YES;
				CLANG_WARN_BOOL_CONVERSION = YES;
				CLANG_WARN_COMMA = YES;
				CLANG_WARN_CONSTANT_CONVERSION = YES;
				CLANG_WARN_DIRECT_OBJC_ISA_USAGE = YES_ERROR;
				CLANG_WARN_DOCUMENTATION_COMMENTS = YES;
				CLANG_WARN_EMPTY_BODY = YES;
				CLANG_WARN_ENUM_CONVERSION = YES;
				CLANG_WARN_INFINITE_RECURSION = YES;
				CLANG_WARN_INT_CONVERSION = YES;
				CLANG_WARN_NON_LITERAL_NULL_CONVERSION = YES;
				CLANG_WARN_OBJC_LITERAL_CONVERSION = YES;
				CLANG_WARN_OBJC_ROOT_CLASS = YES_ERROR;
				CLANG_WARN_RANGE_LOOP_ANALYSIS = YES;
				CLANG_WARN_STRICT_PROTOTYPES = YES;
				CLANG_WARN_SUSPICIOUS_MOVE = YES;
				CLANG_WARN_UNGUARDED_AVAILABILITY = YES_AGGRESSIVE;
				CLANG_WARN_UNREACHABLE_CODE = YES;
				CLANG_WARN__DUPLICATE_METHOD_MATCH = YES;
				CODE_SIGN_IDENTITY = "iPhone Developer";
				COPY_PHASE_STRIP = NO;
				DEBUG_INFORMATION_FORMAT = dwarf;
				ENABLE_STRICT_OBJC_MSGSEND = YES;
				ENABLE_TESTABILITY = YES;
				GCC_C_LANGUAGE_STANDARD = gnu11;
				GCC_DYNAMIC_NO_PIC = NO;
				GCC_NO_COMMON_BLOCKS = YES;
				GCC_OPTIMIZATION_LEVEL = 0;
				GCC_PREPROCESSOR_DEFINITIONS = (
					"DEBUG=1",
					"$(inherited)",
				);
				GCC_WARN_64_TO_32_BIT_CONVERSION = YES;
				GCC_WARN_ABOUT_RETURN_TYPE = YES_ERROR;
				GCC_WARN_UNDECLARED_SELECTOR = YES;
				GCC_WARN_UNINITIALIZED_AUTOS = YES_AGGRESSIVE;
				GCC_WARN_UNUSED_FUNCTION = YES;
				GCC_WARN_UNUSED_VARIABLE = YES;
				IPHONEOS_DEPLOYMENT_TARGET = 11.1;
				MTL_ENABLE_DEBUG_INFO = YES;
				ONLY_ACTIVE_ARCH = YES;
				SDKROOT = iphoneos;
				SWIFT_ACTIVE_COMPILATION_CONDITIONS = DEBUG;
				SWIFT_OPTIMIZATION_LEVEL = "-Onone";
			};
			name = Debug;
		};
		23894078208F30B400D46B33 /* Release */ = {
			isa = XCBuildConfiguration;
			buildSettings = {
				ALWAYS_SEARCH_USER_PATHS = NO;
				CLANG_ANALYZER_NONNULL = YES;
				CLANG_ANALYZER_NUMBER_OBJECT_CONVERSION = YES_AGGRESSIVE;
				CLANG_CXX_LANGUAGE_STANDARD = "gnu++14";
				CLANG_CXX_LIBRARY = "libc++";
				CLANG_ENABLE_MODULES = YES;
				CLANG_ENABLE_OBJC_ARC = YES;
				CLANG_WARN_BLOCK_CAPTURE_AUTORELEASING = YES;
				CLANG_WARN_BOOL_CONVERSION = YES;
				CLANG_WARN_COMMA = YES;
				CLANG_WARN_CONSTANT_CONVERSION = YES;
				CLANG_WARN_DIRECT_OBJC_ISA_USAGE = YES_ERROR;
				CLANG_WARN_DOCUMENTATION_COMMENTS = YES;
				CLANG_WARN_EMPTY_BODY = YES;
				CLANG_WARN_ENUM_CONVERSION = YES;
				CLANG_WARN_INFINITE_RECURSION = YES;
				CLANG_WARN_INT_CONVERSION = YES;
				CLANG_WARN_NON_LITERAL_NULL_CONVERSION = YES;
				CLANG_WARN_OBJC_LITERAL_CONVERSION = YES;
				CLANG_WARN_OBJC_ROOT_CLASS = YES_ERROR;
				CLANG_WARN_RANGE_LOOP_ANALYSIS = YES;
				CLANG_WARN_STRICT_PROTOTYPES = YES;
				CLANG_WARN_SUSPICIOUS_MOVE = YES;
				CLANG_WARN_UNGUARDED_AVAILABILITY = YES_AGGRESSIVE;
				CLANG_WARN_UNREACHABLE_CODE = YES;
				CLANG_WARN__DUPLICATE_METHOD_MATCH = YES;
				CODE_SIGN_IDENTITY = "iPhone Developer";
				COPY_PHASE_STRIP = NO;
				DEBUG_INFORMATION_FORMAT = "dwarf-with-dsym";
				ENABLE_NS_ASSERTIONS = NO;
				ENABLE_STRICT_OBJC_MSGSEND = YES;
				GCC_C_LANGUAGE_STANDARD = gnu11;
				GCC_NO_COMMON_BLOCKS = YES;
				GCC_WARN_64_TO_32_BIT_CONVERSION = YES;
				GCC_WARN_ABOUT_RETURN_TYPE = YES_ERROR;
				GCC_WARN_UNDECLARED_SELECTOR = YES;
				GCC_WARN_UNINITIALIZED_AUTOS = YES_AGGRESSIVE;
				GCC_WARN_UNUSED_FUNCTION = YES;
				GCC_WARN_UNUSED_VARIABLE = YES;
				IPHONEOS_DEPLOYMENT_TARGET = 11.1;
				MTL_ENABLE_DEBUG_INFO = NO;
				SDKROOT = iphoneos;
				SWIFT_OPTIMIZATION_LEVEL = "-Owholemodule";
				VALIDATE_PRODUCT = YES;
			};
			name = Release;
		};
		2389407A208F30B400D46B33 /* Debug */ = {
			isa = XCBuildConfiguration;
			buildSettings = {
				ASSETCATALOG_COMPILER_APPICON_NAME = AppIcon;
				CODE_SIGN_STYLE = Automatic;
				DEVELOPMENT_TEAM = 9ZPF2ERCW9;
				INFOPLIST_FILE = layer_learn/Info.plist;
				LD_RUNPATH_SEARCH_PATHS = "$(inherited) @executable_path/Frameworks";
				PRODUCT_BUNDLE_IDENTIFIER = "dengjiangzhou.layer-learn";
				PRODUCT_NAME = "$(TARGET_NAME)";
				SWIFT_VERSION = 4.0;
				TARGETED_DEVICE_FAMILY = "1,2";
			};
			name = Debug;
		};
		2389407B208F30B400D46B33 /* Release */ = {
			isa = XCBuildConfiguration;
			buildSettings = {
				ASSETCATALOG_COMPILER_APPICON_NAME = AppIcon;
				CODE_SIGN_STYLE = Automatic;
				DEVELOPMENT_TEAM = 9ZPF2ERCW9;
				INFOPLIST_FILE = layer_learn/Info.plist;
				LD_RUNPATH_SEARCH_PATHS = "$(inherited) @executable_path/Frameworks";
				PRODUCT_BUNDLE_IDENTIFIER = "dengjiangzhou.layer-learn";
				PRODUCT_NAME = "$(TARGET_NAME)";
				SWIFT_VERSION = 4.0;
				TARGETED_DEVICE_FAMILY = "1,2";
			};
			name = Release;
		};
/* End XCBuildConfiguration section */

/* Begin XCConfigurationList section */
		23894062208F30B400D46B33 /* Build configuration list for PBXProject "layer_learn" */ = {
			isa = XCConfigurationList;
			buildConfigurations = (
				23894077208F30B400D46B33 /* Debug */,
				23894078208F30B400D46B33 /* Release */,
			);
			defaultConfigurationIsVisible = 0;
			defaultConfigurationName = Release;
		};
		23894079208F30B400D46B33 /* Build configuration list for PBXNativeTarget "layer_learn" */ = {
			isa = XCConfigurationList;
			buildConfigurations = (
				2389407A208F30B400D46B33 /* Debug */,
				2389407B208F30B400D46B33 /* Release */,
			);
			defaultConfigurationIsVisible = 0;
			defaultConfigurationName = Release;
		};
/* End XCConfigurationList section */
	};
	rootObject = 2389405F208F30B400D46B33 /* Project object */;
}
